
Microsoft Visual Studio Solution File, Format Version 12.00
# Visual Studio Version 16
VisualStudioVersion = 16.0.31025.194
MinimumVisualStudioVersion = 10.0.40219.1
Project("{E24C65DC-7377-472B-9ABA-BC803B73C61A}") = "Cakepop", "Cakepop\", "{D24EE12F-E934-442E-B456-AD380847D9C4}"
	ProjectSection(WebsiteProperties) = preProject
		TargetFrameworkMoniker = ".NETFramework,Version%3Dv4.7.2"
		Debug.AspNetCompiler.VirtualPath = "/localhost_52226"
		Debug.AspNetCompiler.PhysicalPath = "Cakepop\"
		Debug.AspNetCompiler.TargetPath = "PrecompiledWeb\localhost_52226\"
		Debug.AspNetCompiler.Updateable = "true"
		Debug.AspNetCompiler.ForceOverwrite = "true"
		Debug.AspNetCompiler.FixedNames = "false"
		Debug.AspNetCompiler.Debug = "True"
		Release.AspNetCompiler.VirtualPath = "/localhost_52226"
		Release.AspNetCompiler.PhysicalPath = "Cakepop\"
		Release.AspNetCompiler.TargetPath = "PrecompiledWeb\localhost_52226\"
		Release.AspNetCompiler.Updateable = "true"
		Release.AspNetCompiler.ForceOverwrite = "true"
		Release.AspNetCompiler.FixedNames = "false"
		Release.AspNetCompiler.Debug = "False"
		VWDPort = "52226"
		SlnRelativePath = "Cakepop\"
		DefaultWebSiteLanguage = "Visual C#"
	EndProjectSection
EndProject
Global
	GlobalSection(SolutionConfigurationPlatforms) = preSolution
		Debug|Any CPU = Debug|Any CPU
	EndGlobalSection
	GlobalSection(ProjectConfigurationPlatforms) = postSolution
		{D24EE12F-E934-442E-B456-AD380847D9C4}.Debug|Any CPU.ActiveCfg = Debug|Any CPU
		{D24EE12F-E934-442E-B456-AD380847D9C4}.Debug|Any CPU.Build.0 = Debug|Any CPU
	EndGlobalSection
	GlobalSection(SolutionProperties) = preSolution
		HideSolutionNode = FALSE
	EndGlobalSection
	GlobalSection(ExtensibilityGlobals) = postSolution
		SolutionGuid = {6481C22B-D2AE-4FC6-9D95-A1C0E0C35D6F}
	EndGlobalSection
EndGlobal
